// !$*UTF8*$!
{
	archiveVersion = 1;
	classes = {
	};
	objectVersion = 51;
	objects = {

/* Begin PBXBuildFile section */
		4A2ED671A9B461F851BCEC5B /* Pods_B_umiOS.framework in Frameworks */ = {isa = PBXBuildFile; fileRef = 35912B5C45814D34BAA702A8 /* Pods_B_umiOS.framework */; };
		4F34E10326935F7100A54336 /* UIViewController+Extension.swift in Sources */ = {isa = PBXBuildFile; fileRef = 4F34E10226935F7100A54336 /* UIViewController+Extension.swift */; };
		4F34E1062693618A00A54336 /* TapGesture.swift in Sources */ = {isa = PBXBuildFile; fileRef = 4F34E1052693618A00A54336 /* TapGesture.swift */; };
		4F4992972693F9F2009541AA /* SeparateViewController+Layout.swift in Sources */ = {isa = PBXBuildFile; fileRef = 4F4992962693F9F2009541AA /* SeparateViewController+Layout.swift */; };
		4F49929D26942AD8009541AA /* SeparateCollectionViewCell.swift in Sources */ = {isa = PBXBuildFile; fileRef = 4F49929B26942AD8009541AA /* SeparateCollectionViewCell.swift */; };
		4F49929E26942AD8009541AA /* SeparateCollectionViewCell.xib in Resources */ = {isa = PBXBuildFile; fileRef = 4F49929C26942AD8009541AA /* SeparateCollectionViewCell.xib */; };
		4F4992A2269577FF009541AA /* SizeConstants.swift in Sources */ = {isa = PBXBuildFile; fileRef = 4F4992A1269577FF009541AA /* SizeConstants.swift */; };
		4F4992E12695F65B009541AA /* SeparateDetailViewController.swift in Sources */ = {isa = PBXBuildFile; fileRef = 4F4992E02695F65B009541AA /* SeparateDetailViewController.swift */; };
		4F4992E32695FBE9009541AA /* SeparateDetailViewController+Layout.swift in Sources */ = {isa = PBXBuildFile; fileRef = 4F4992E22695FBE9009541AA /* SeparateDetailViewController+Layout.swift */; };
		4F4992E52695FCC6009541AA /* SeparateDetailViewController+Extension.swift in Sources */ = {isa = PBXBuildFile; fileRef = 4F4992E42695FCC6009541AA /* SeparateDetailViewController+Extension.swift */; };
		4F4992E826960B60009541AA /* SeparateDetailTableViewCell.swift in Sources */ = {isa = PBXBuildFile; fileRef = 4F4992E626960B60009541AA /* SeparateDetailTableViewCell.swift */; };
		4F4992E926960B60009541AA /* SeparateDetailTableViewCell.xib in Resources */ = {isa = PBXBuildFile; fileRef = 4F4992E726960B60009541AA /* SeparateDetailTableViewCell.xib */; };
		4F7FD2E82690E5B400122964 /* SettingTrashBinViewController.swift in Sources */ = {isa = PBXBuildFile; fileRef = 4F7FD2E72690E5B400122964 /* SettingTrashBinViewController.swift */; };
		4F7FD2EC26920F3800122964 /* TrashBinTableViewCell.swift in Sources */ = {isa = PBXBuildFile; fileRef = 4F7FD2EA26920F3800122964 /* TrashBinTableViewCell.swift */; };
		4F7FD2ED26920F3800122964 /* TrashBinTableViewCell.xib in Resources */ = {isa = PBXBuildFile; fileRef = 4F7FD2EB26920F3800122964 /* TrashBinTableViewCell.xib */; };
		4F7FD2EF26922F4A00122964 /* TrashBinPopUpViewController.swift in Sources */ = {isa = PBXBuildFile; fileRef = 4F7FD2EE26922F4A00122964 /* TrashBinPopUpViewController.swift */; };
		4F7FD2F126929D6300122964 /* PeriodPopUpViewController.swift in Sources */ = {isa = PBXBuildFile; fileRef = 4F7FD2F026929D6300122964 /* PeriodPopUpViewController.swift */; };
		AB5AF762268A2E84001D3CD1 /* AppDelegate.swift in Sources */ = {isa = PBXBuildFile; fileRef = AB5AF761268A2E84001D3CD1 /* AppDelegate.swift */; };
		AB5AF764268A2E84001D3CD1 /* SceneDelegate.swift in Sources */ = {isa = PBXBuildFile; fileRef = AB5AF763268A2E84001D3CD1 /* SceneDelegate.swift */; };
		AB5AF766268A2E84001D3CD1 /* ViewController.swift in Sources */ = {isa = PBXBuildFile; fileRef = AB5AF765268A2E84001D3CD1 /* ViewController.swift */; };
		AB5AF769268A2E84001D3CD1 /* Main.storyboard in Resources */ = {isa = PBXBuildFile; fileRef = AB5AF767268A2E84001D3CD1 /* Main.storyboard */; };
		AB5AF76B268A2E87001D3CD1 /* Assets.xcassets in Resources */ = {isa = PBXBuildFile; fileRef = AB5AF76A268A2E87001D3CD1 /* Assets.xcassets */; };
		AB5AF76E268A2E87001D3CD1 /* LaunchScreen.storyboard in Resources */ = {isa = PBXBuildFile; fileRef = AB5AF76C268A2E87001D3CD1 /* LaunchScreen.storyboard */; };
		AB7F6DDF2696BDF300EF9C6E /* WritingPopUpViewController.swift in Sources */ = {isa = PBXBuildFile; fileRef = AB7F6DDE2696BDF300EF9C6E /* WritingPopUpViewController.swift */; };
		AB7F6DE426973E0500EF9C6E /* ThrowTrashViewController.swift in Sources */ = {isa = PBXBuildFile; fileRef = AB7F6DE326973E0500EF9C6E /* ThrowTrashViewController.swift */; };
		AB7F6DE726975A0900EF9C6E /* ThrowTrashViewController+Layout.swift in Sources */ = {isa = PBXBuildFile; fileRef = AB7F6DE626975A0900EF9C6E /* ThrowTrashViewController+Layout.swift */; };
		AB8C3F56269331EF00B2BA30 /* WritingTagCollectionViewCell.swift in Sources */ = {isa = PBXBuildFile; fileRef = AB8C3F55269331EF00B2BA30 /* WritingTagCollectionViewCell.swift */; };
		AB8C3F582693371100B2BA30 /* WritingViewController+Extension.swift in Sources */ = {isa = PBXBuildFile; fileRef = AB8C3F572693371100B2BA30 /* WritingViewController+Extension.swift */; };
		AB8C3F5B26935E8600B2BA30 /* WritingViewController+Layout.swift in Sources */ = {isa = PBXBuildFile; fileRef = AB8C3F5A26935E8600B2BA30 /* WritingViewController+Layout.swift */; };
		AB8C3F5D2695743E00B2BA30 /* NotificationName+Extension.swift in Sources */ = {isa = PBXBuildFile; fileRef = AB8C3F5C2695743E00B2BA30 /* NotificationName+Extension.swift */; };
		AB9F9DF22690997300088502 /* Date+Extension.swift in Sources */ = {isa = PBXBuildFile; fileRef = AB9F9DF12690997300088502 /* Date+Extension.swift */; };
		AB9F9DF426909E2100088502 /* UILabel+Extension.swift in Sources */ = {isa = PBXBuildFile; fileRef = AB9F9DF326909E2100088502 /* UILabel+Extension.swift */; };
		AB9F9DF72690CD9900088502 /* WritingViewController.swift in Sources */ = {isa = PBXBuildFile; fileRef = AB9F9DF62690CD9900088502 /* WritingViewController.swift */; };
		AB9F9DF92691F0D100088502 /* WritingStyle.swift in Sources */ = {isa = PBXBuildFile; fileRef = AB9F9DF82691F0D100088502 /* WritingStyle.swift */; };
		ABB24DF4268CD9B7006FEE57 /* CardCollectionViewCell.swift in Sources */ = {isa = PBXBuildFile; fileRef = ABB24DF3268CD9B7006FEE57 /* CardCollectionViewCell.swift */; };
		ABB24DF6268CD9D3006FEE57 /* HomeViewController.swift in Sources */ = {isa = PBXBuildFile; fileRef = ABB24DF5268CD9D3006FEE57 /* HomeViewController.swift */; };
		ABB24DF8268CD9FF006FEE57 /* Home.storyboard in Resources */ = {isa = PBXBuildFile; fileRef = ABB24DF7268CD9FF006FEE57 /* Home.storyboard */; };
		ABB24DFE268CDF64006FEE57 /* NanumSquareOTF_acEB.otf in Resources */ = {isa = PBXBuildFile; fileRef = ABB24DFA268CDF64006FEE57 /* NanumSquareOTF_acEB.otf */; };
		ABB24DFF268CDF64006FEE57 /* NanumSquareOTF_acL.otf in Resources */ = {isa = PBXBuildFile; fileRef = ABB24DFB268CDF64006FEE57 /* NanumSquareOTF_acL.otf */; };
		ABB24E00268CDF64006FEE57 /* NanumSquareOTF_acB.otf in Resources */ = {isa = PBXBuildFile; fileRef = ABB24DFC268CDF64006FEE57 /* NanumSquareOTF_acB.otf */; };
		ABB24E01268CDF64006FEE57 /* NanumSquareOTF_acR.otf in Resources */ = {isa = PBXBuildFile; fileRef = ABB24DFD268CDF64006FEE57 /* NanumSquareOTF_acR.otf */; };
		ABB24E06268CE317006FEE57 /* UIFont+Extension.swift in Sources */ = {isa = PBXBuildFile; fileRef = ABB24E05268CE317006FEE57 /* UIFont+Extension.swift */; };
		ABB24E08268CEF0B006FEE57 /* UIColor+Extension.swift in Sources */ = {isa = PBXBuildFile; fileRef = ABB24E07268CEF0B006FEE57 /* UIColor+Extension.swift */; };
		ABB24E0A268CF33B006FEE57 /* UIView+Extension.swift in Sources */ = {isa = PBXBuildFile; fileRef = ABB24E09268CF33B006FEE57 /* UIView+Extension.swift */; };
		ABB24E0C268CF49C006FEE57 /* UIDevice+Extension.swift in Sources */ = {isa = PBXBuildFile; fileRef = ABB24E0B268CF49C006FEE57 /* UIDevice+Extension.swift */; };
		ABB24E53268E1912006FEE57 /* FloatingBarView.swift in Sources */ = {isa = PBXBuildFile; fileRef = ABB24E52268E1912006FEE57 /* FloatingBarView.swift */; };
		ABB24E55268E193B006FEE57 /* FloatingTabBarController.swift in Sources */ = {isa = PBXBuildFile; fileRef = ABB24E54268E193B006FEE57 /* FloatingTabBarController.swift */; };
		ABB24E5C268E1A18006FEE57 /* MyPageViewController.swift in Sources */ = {isa = PBXBuildFile; fileRef = ABB24E5B268E1A18006FEE57 /* MyPageViewController.swift */; };
		ABB24E60268E1A57006FEE57 /* Setting.storyboard in Resources */ = {isa = PBXBuildFile; fileRef = ABB24E5F268E1A57006FEE57 /* Setting.storyboard */; };
		ABB24E63268E1A75006FEE57 /* SettingViewController.swift in Sources */ = {isa = PBXBuildFile; fileRef = ABB24E62268E1A75006FEE57 /* SettingViewController.swift */; };
		ABB24E6F268E20EB006FEE57 /* Separate.storyboard in Resources */ = {isa = PBXBuildFile; fileRef = ABB24E6E268E20EB006FEE57 /* Separate.storyboard */; };
		FC0541B22690C28200FFA9D1 /* MyPageMenuCollectionViewCell.swift in Sources */ = {isa = PBXBuildFile; fileRef = FC0541B12690C28200FFA9D1 /* MyPageMenuCollectionViewCell.swift */; };
		FC0541B62690C6EF00FFA9D1 /* MenuSectionCollectionViewCell.swift in Sources */ = {isa = PBXBuildFile; fileRef = FC0541B52690C6EF00FFA9D1 /* MenuSectionCollectionViewCell.swift */; };
		FC0541B82690C80000FFA9D1 /* MyWritingViewController.swift in Sources */ = {isa = PBXBuildFile; fileRef = FC0541B72690C80000FFA9D1 /* MyWritingViewController.swift */; };
		FC0541BA2690C92A00FFA9D1 /* MyRewardViewController.swift in Sources */ = {isa = PBXBuildFile; fileRef = FC0541B92690C92A00FFA9D1 /* MyRewardViewController.swift */; };
		FC0541BC2690C94700FFA9D1 /* MyTrashBinViewController.swift in Sources */ = {isa = PBXBuildFile; fileRef = FC0541BB2690C94700FFA9D1 /* MyTrashBinViewController.swift */; };
		FC0541C02691B7AE00FFA9D1 /* MyWritingCollectionViewCell.swift in Sources */ = {isa = PBXBuildFile; fileRef = FC0541BF2691B7AE00FFA9D1 /* MyWritingCollectionViewCell.swift */; };
		FC6448CD26983F8A00C8E30C /* MyRewardCollectionViewCell.swift in Sources */ = {isa = PBXBuildFile; fileRef = FC6448CC26983F8A00C8E30C /* MyRewardCollectionViewCell.swift */; };
		FC6448D0269847CA00C8E30C /* SeparateViewController+Extension.swift in Sources */ = {isa = PBXBuildFile; fileRef = FC6448CE269847CA00C8E30C /* SeparateViewController+Extension.swift */; };
		FC6448D1269847CA00C8E30C /* SeparateViewController.swift in Sources */ = {isa = PBXBuildFile; fileRef = FC6448CF269847CA00C8E30C /* SeparateViewController.swift */; };
		FC69E37726935B81001093F9 /* RoundingButton.swift in Sources */ = {isa = PBXBuildFile; fileRef = FC69E37626935B81001093F9 /* RoundingButton.swift */; };
		FC6A7A472693198900A4ACBE /* ButtonSectionView.swift in Sources */ = {isa = PBXBuildFile; fileRef = FC6A7A462693198900A4ACBE /* ButtonSectionView.swift */; };
		FC8A6F552695C65500E64FA5 /* MyPage.storyboard in Resources */ = {isa = PBXBuildFile; fileRef = FC8A6F542695C65500E64FA5 /* MyPage.storyboard */; };
		FCE3608C2694B25F00866525 /* MyWritingPopUpViewController.swift in Sources */ = {isa = PBXBuildFile; fileRef = FCE3608B2694B25F00866525 /* MyWritingPopUpViewController.swift */; };
		FCE3608E2694CE3700866525 /* MyWritingPopUp.storyboard in Resources */ = {isa = PBXBuildFile; fileRef = FCE3608D2694CE3700866525 /* MyWritingPopUp.storyboard */; };
/* End PBXBuildFile section */

/* Begin PBXFileReference section */
		35912B5C45814D34BAA702A8 /* Pods_B_umiOS.framework */ = {isa = PBXFileReference; explicitFileType = wrapper.framework; includeInIndex = 0; path = Pods_B_umiOS.framework; sourceTree = BUILT_PRODUCTS_DIR; };
		4F34E10226935F7100A54336 /* UIViewController+Extension.swift */ = {isa = PBXFileReference; lastKnownFileType = sourcecode.swift; path = "UIViewController+Extension.swift"; sourceTree = "<group>"; };
		4F34E1052693618A00A54336 /* TapGesture.swift */ = {isa = PBXFileReference; lastKnownFileType = sourcecode.swift; path = TapGesture.swift; sourceTree = "<group>"; };
		4F4992962693F9F2009541AA /* SeparateViewController+Layout.swift */ = {isa = PBXFileReference; lastKnownFileType = sourcecode.swift; path = "SeparateViewController+Layout.swift"; sourceTree = "<group>"; };
		4F49929B26942AD8009541AA /* SeparateCollectionViewCell.swift */ = {isa = PBXFileReference; lastKnownFileType = sourcecode.swift; path = SeparateCollectionViewCell.swift; sourceTree = "<group>"; };
		4F49929C26942AD8009541AA /* SeparateCollectionViewCell.xib */ = {isa = PBXFileReference; lastKnownFileType = file.xib; path = SeparateCollectionViewCell.xib; sourceTree = "<group>"; };
		4F4992A1269577FF009541AA /* SizeConstants.swift */ = {isa = PBXFileReference; lastKnownFileType = sourcecode.swift; path = SizeConstants.swift; sourceTree = "<group>"; };
		4F4992E02695F65B009541AA /* SeparateDetailViewController.swift */ = {isa = PBXFileReference; lastKnownFileType = sourcecode.swift; path = SeparateDetailViewController.swift; sourceTree = "<group>"; };
		4F4992E22695FBE9009541AA /* SeparateDetailViewController+Layout.swift */ = {isa = PBXFileReference; lastKnownFileType = sourcecode.swift; path = "SeparateDetailViewController+Layout.swift"; sourceTree = "<group>"; };
		4F4992E42695FCC6009541AA /* SeparateDetailViewController+Extension.swift */ = {isa = PBXFileReference; lastKnownFileType = sourcecode.swift; path = "SeparateDetailViewController+Extension.swift"; sourceTree = "<group>"; };
		4F4992E626960B60009541AA /* SeparateDetailTableViewCell.swift */ = {isa = PBXFileReference; lastKnownFileType = sourcecode.swift; path = SeparateDetailTableViewCell.swift; sourceTree = "<group>"; };
		4F4992E726960B60009541AA /* SeparateDetailTableViewCell.xib */ = {isa = PBXFileReference; lastKnownFileType = file.xib; path = SeparateDetailTableViewCell.xib; sourceTree = "<group>"; };
		4F7FD2E72690E5B400122964 /* SettingTrashBinViewController.swift */ = {isa = PBXFileReference; lastKnownFileType = sourcecode.swift; path = SettingTrashBinViewController.swift; sourceTree = "<group>"; };
		4F7FD2EA26920F3800122964 /* TrashBinTableViewCell.swift */ = {isa = PBXFileReference; lastKnownFileType = sourcecode.swift; path = TrashBinTableViewCell.swift; sourceTree = "<group>"; };
		4F7FD2EB26920F3800122964 /* TrashBinTableViewCell.xib */ = {isa = PBXFileReference; lastKnownFileType = file.xib; path = TrashBinTableViewCell.xib; sourceTree = "<group>"; };
		4F7FD2EE26922F4A00122964 /* TrashBinPopUpViewController.swift */ = {isa = PBXFileReference; lastKnownFileType = sourcecode.swift; path = TrashBinPopUpViewController.swift; sourceTree = "<group>"; };
		4F7FD2F026929D6300122964 /* PeriodPopUpViewController.swift */ = {isa = PBXFileReference; lastKnownFileType = sourcecode.swift; path = PeriodPopUpViewController.swift; sourceTree = "<group>"; };
		AB5AF75E268A2E84001D3CD1 /* B-umiOS.app */ = {isa = PBXFileReference; explicitFileType = wrapper.application; includeInIndex = 0; path = "B-umiOS.app"; sourceTree = BUILT_PRODUCTS_DIR; };
		AB5AF761268A2E84001D3CD1 /* AppDelegate.swift */ = {isa = PBXFileReference; lastKnownFileType = sourcecode.swift; path = AppDelegate.swift; sourceTree = "<group>"; };
		AB5AF763268A2E84001D3CD1 /* SceneDelegate.swift */ = {isa = PBXFileReference; lastKnownFileType = sourcecode.swift; path = SceneDelegate.swift; sourceTree = "<group>"; };
		AB5AF765268A2E84001D3CD1 /* ViewController.swift */ = {isa = PBXFileReference; lastKnownFileType = sourcecode.swift; path = ViewController.swift; sourceTree = "<group>"; };
		AB5AF768268A2E84001D3CD1 /* Base */ = {isa = PBXFileReference; lastKnownFileType = file.storyboard; name = Base; path = Base.lproj/Main.storyboard; sourceTree = "<group>"; };
		AB5AF76A268A2E87001D3CD1 /* Assets.xcassets */ = {isa = PBXFileReference; lastKnownFileType = folder.assetcatalog; path = Assets.xcassets; sourceTree = "<group>"; };
		AB5AF76D268A2E87001D3CD1 /* Base */ = {isa = PBXFileReference; lastKnownFileType = file.storyboard; name = Base; path = Base.lproj/LaunchScreen.storyboard; sourceTree = "<group>"; };
		AB5AF76F268A2E87001D3CD1 /* Info.plist */ = {isa = PBXFileReference; lastKnownFileType = text.plist.xml; path = Info.plist; sourceTree = "<group>"; };
		AB7F6DDE2696BDF300EF9C6E /* WritingPopUpViewController.swift */ = {isa = PBXFileReference; lastKnownFileType = sourcecode.swift; path = WritingPopUpViewController.swift; sourceTree = "<group>"; };
		AB7F6DE326973E0500EF9C6E /* ThrowTrashViewController.swift */ = {isa = PBXFileReference; lastKnownFileType = sourcecode.swift; path = ThrowTrashViewController.swift; sourceTree = "<group>"; };
		AB7F6DE626975A0900EF9C6E /* ThrowTrashViewController+Layout.swift */ = {isa = PBXFileReference; lastKnownFileType = sourcecode.swift; path = "ThrowTrashViewController+Layout.swift"; sourceTree = "<group>"; };
		AB8C3F55269331EF00B2BA30 /* WritingTagCollectionViewCell.swift */ = {isa = PBXFileReference; lastKnownFileType = sourcecode.swift; path = WritingTagCollectionViewCell.swift; sourceTree = "<group>"; };
		AB8C3F572693371100B2BA30 /* WritingViewController+Extension.swift */ = {isa = PBXFileReference; lastKnownFileType = sourcecode.swift; path = "WritingViewController+Extension.swift"; sourceTree = "<group>"; };
		AB8C3F5A26935E8600B2BA30 /* WritingViewController+Layout.swift */ = {isa = PBXFileReference; lastKnownFileType = sourcecode.swift; path = "WritingViewController+Layout.swift"; sourceTree = "<group>"; };
		AB8C3F5C2695743E00B2BA30 /* NotificationName+Extension.swift */ = {isa = PBXFileReference; lastKnownFileType = sourcecode.swift; path = "NotificationName+Extension.swift"; sourceTree = "<group>"; };
		AB9F9DF12690997300088502 /* Date+Extension.swift */ = {isa = PBXFileReference; lastKnownFileType = sourcecode.swift; path = "Date+Extension.swift"; sourceTree = "<group>"; };
		AB9F9DF326909E2100088502 /* UILabel+Extension.swift */ = {isa = PBXFileReference; lastKnownFileType = sourcecode.swift; path = "UILabel+Extension.swift"; sourceTree = "<group>"; };
		AB9F9DF62690CD9900088502 /* WritingViewController.swift */ = {isa = PBXFileReference; lastKnownFileType = sourcecode.swift; path = WritingViewController.swift; sourceTree = "<group>"; };
		AB9F9DF82691F0D100088502 /* WritingStyle.swift */ = {isa = PBXFileReference; lastKnownFileType = sourcecode.swift; path = WritingStyle.swift; sourceTree = "<group>"; };
		ABB24DF3268CD9B7006FEE57 /* CardCollectionViewCell.swift */ = {isa = PBXFileReference; lastKnownFileType = sourcecode.swift; path = CardCollectionViewCell.swift; sourceTree = "<group>"; };
		ABB24DF5268CD9D3006FEE57 /* HomeViewController.swift */ = {isa = PBXFileReference; lastKnownFileType = sourcecode.swift; path = HomeViewController.swift; sourceTree = "<group>"; };
		ABB24DF7268CD9FF006FEE57 /* Home.storyboard */ = {isa = PBXFileReference; lastKnownFileType = file.storyboard; path = Home.storyboard; sourceTree = "<group>"; };
		ABB24DFA268CDF64006FEE57 /* NanumSquareOTF_acEB.otf */ = {isa = PBXFileReference; lastKnownFileType = file; path = NanumSquareOTF_acEB.otf; sourceTree = "<group>"; };
		ABB24DFB268CDF64006FEE57 /* NanumSquareOTF_acL.otf */ = {isa = PBXFileReference; lastKnownFileType = file; path = NanumSquareOTF_acL.otf; sourceTree = "<group>"; };
		ABB24DFC268CDF64006FEE57 /* NanumSquareOTF_acB.otf */ = {isa = PBXFileReference; lastKnownFileType = file; path = NanumSquareOTF_acB.otf; sourceTree = "<group>"; };
		ABB24DFD268CDF64006FEE57 /* NanumSquareOTF_acR.otf */ = {isa = PBXFileReference; lastKnownFileType = file; path = NanumSquareOTF_acR.otf; sourceTree = "<group>"; };
		ABB24E05268CE317006FEE57 /* UIFont+Extension.swift */ = {isa = PBXFileReference; lastKnownFileType = sourcecode.swift; path = "UIFont+Extension.swift"; sourceTree = "<group>"; };
		ABB24E07268CEF0B006FEE57 /* UIColor+Extension.swift */ = {isa = PBXFileReference; lastKnownFileType = sourcecode.swift; path = "UIColor+Extension.swift"; sourceTree = "<group>"; };
		ABB24E09268CF33B006FEE57 /* UIView+Extension.swift */ = {isa = PBXFileReference; lastKnownFileType = sourcecode.swift; path = "UIView+Extension.swift"; sourceTree = "<group>"; };
		ABB24E0B268CF49C006FEE57 /* UIDevice+Extension.swift */ = {isa = PBXFileReference; lastKnownFileType = sourcecode.swift; path = "UIDevice+Extension.swift"; sourceTree = "<group>"; };
		ABB24E52268E1912006FEE57 /* FloatingBarView.swift */ = {isa = PBXFileReference; lastKnownFileType = sourcecode.swift; path = FloatingBarView.swift; sourceTree = "<group>"; };
		ABB24E54268E193B006FEE57 /* FloatingTabBarController.swift */ = {isa = PBXFileReference; lastKnownFileType = sourcecode.swift; path = FloatingTabBarController.swift; sourceTree = "<group>"; };
		ABB24E5B268E1A18006FEE57 /* MyPageViewController.swift */ = {isa = PBXFileReference; lastKnownFileType = sourcecode.swift; path = MyPageViewController.swift; sourceTree = "<group>"; };
		ABB24E5F268E1A57006FEE57 /* Setting.storyboard */ = {isa = PBXFileReference; lastKnownFileType = file.storyboard; path = Setting.storyboard; sourceTree = "<group>"; };
		ABB24E62268E1A75006FEE57 /* SettingViewController.swift */ = {isa = PBXFileReference; lastKnownFileType = sourcecode.swift; path = SettingViewController.swift; sourceTree = "<group>"; };
		ABB24E6E268E20EB006FEE57 /* Separate.storyboard */ = {isa = PBXFileReference; lastKnownFileType = file.storyboard; path = Separate.storyboard; sourceTree = "<group>"; };
		DE4AD5ABF46F8BFB0EBB47E7 /* Pods-B-umiOS.release.xcconfig */ = {isa = PBXFileReference; includeInIndex = 1; lastKnownFileType = text.xcconfig; name = "Pods-B-umiOS.release.xcconfig"; path = "Target Support Files/Pods-B-umiOS/Pods-B-umiOS.release.xcconfig"; sourceTree = "<group>"; };
		F7A7067B2D1BCE34B37D28DF /* Pods-B-umiOS.debug.xcconfig */ = {isa = PBXFileReference; includeInIndex = 1; lastKnownFileType = text.xcconfig; name = "Pods-B-umiOS.debug.xcconfig"; path = "Target Support Files/Pods-B-umiOS/Pods-B-umiOS.debug.xcconfig"; sourceTree = "<group>"; };
		FC0541B12690C28200FFA9D1 /* MyPageMenuCollectionViewCell.swift */ = {isa = PBXFileReference; lastKnownFileType = sourcecode.swift; path = MyPageMenuCollectionViewCell.swift; sourceTree = "<group>"; };
		FC0541B52690C6EF00FFA9D1 /* MenuSectionCollectionViewCell.swift */ = {isa = PBXFileReference; lastKnownFileType = sourcecode.swift; path = MenuSectionCollectionViewCell.swift; sourceTree = "<group>"; };
		FC0541B72690C80000FFA9D1 /* MyWritingViewController.swift */ = {isa = PBXFileReference; lastKnownFileType = sourcecode.swift; path = MyWritingViewController.swift; sourceTree = "<group>"; };
		FC0541B92690C92A00FFA9D1 /* MyRewardViewController.swift */ = {isa = PBXFileReference; lastKnownFileType = sourcecode.swift; path = MyRewardViewController.swift; sourceTree = "<group>"; };
		FC0541BB2690C94700FFA9D1 /* MyTrashBinViewController.swift */ = {isa = PBXFileReference; lastKnownFileType = sourcecode.swift; path = MyTrashBinViewController.swift; sourceTree = "<group>"; };
		FC0541BF2691B7AE00FFA9D1 /* MyWritingCollectionViewCell.swift */ = {isa = PBXFileReference; lastKnownFileType = sourcecode.swift; path = MyWritingCollectionViewCell.swift; sourceTree = "<group>"; };
		FC6448CC26983F8A00C8E30C /* MyRewardCollectionViewCell.swift */ = {isa = PBXFileReference; lastKnownFileType = sourcecode.swift; path = MyRewardCollectionViewCell.swift; sourceTree = "<group>"; };
		FC6448CE269847CA00C8E30C /* SeparateViewController+Extension.swift */ = {isa = PBXFileReference; fileEncoding = 4; lastKnownFileType = sourcecode.swift; path = "SeparateViewController+Extension.swift"; sourceTree = "<group>"; };
		FC6448CF269847CA00C8E30C /* SeparateViewController.swift */ = {isa = PBXFileReference; fileEncoding = 4; lastKnownFileType = sourcecode.swift; path = SeparateViewController.swift; sourceTree = "<group>"; };
		FC69E37626935B81001093F9 /* RoundingButton.swift */ = {isa = PBXFileReference; lastKnownFileType = sourcecode.swift; path = RoundingButton.swift; sourceTree = "<group>"; };
		FC6A7A462693198900A4ACBE /* ButtonSectionView.swift */ = {isa = PBXFileReference; lastKnownFileType = sourcecode.swift; path = ButtonSectionView.swift; sourceTree = "<group>"; };
		FC8A6F542695C65500E64FA5 /* MyPage.storyboard */ = {isa = PBXFileReference; lastKnownFileType = file.storyboard; path = MyPage.storyboard; sourceTree = "<group>"; };
		FCE3608B2694B25F00866525 /* MyWritingPopUpViewController.swift */ = {isa = PBXFileReference; lastKnownFileType = sourcecode.swift; path = MyWritingPopUpViewController.swift; sourceTree = "<group>"; };
		FCE3608D2694CE3700866525 /* MyWritingPopUp.storyboard */ = {isa = PBXFileReference; lastKnownFileType = file.storyboard; path = MyWritingPopUp.storyboard; sourceTree = "<group>"; };
/* End PBXFileReference section */

/* Begin PBXFrameworksBuildPhase section */
		AB5AF75B268A2E84001D3CD1 /* Frameworks */ = {
			isa = PBXFrameworksBuildPhase;
			buildActionMask = 2147483647;
			files = (
				4A2ED671A9B461F851BCEC5B /* Pods_B_umiOS.framework in Frameworks */,
			);
			runOnlyForDeploymentPostprocessing = 0;
		};
/* End PBXFrameworksBuildPhase section */

/* Begin PBXGroup section */
		4F34E1042693617A00A54336 /* Model */ = {
			isa = PBXGroup;
			children = (
				4F34E1052693618A00A54336 /* TapGesture.swift */,
				4F4992A1269577FF009541AA /* SizeConstants.swift */,
			);
			path = Model;
			sourceTree = "<group>";
		};
		4F49929A26942AA5009541AA /* Cell */ = {
			isa = PBXGroup;
			children = (
				4F49929B26942AD8009541AA /* SeparateCollectionViewCell.swift */,
				4F49929C26942AD8009541AA /* SeparateCollectionViewCell.xib */,
				4F4992E626960B60009541AA /* SeparateDetailTableViewCell.swift */,
				4F4992E726960B60009541AA /* SeparateDetailTableViewCell.xib */,
			);
			path = Cell;
			sourceTree = "<group>";
		};
		4F7FD2E926920F1300122964 /* Cell */ = {
			isa = PBXGroup;
			children = (
				4F7FD2EA26920F3800122964 /* TrashBinTableViewCell.swift */,
				4F7FD2EB26920F3800122964 /* TrashBinTableViewCell.xib */,
			);
			path = Cell;
			sourceTree = "<group>";
		};
		6C81B240BDBA40A25B2A405D /* Pods */ = {
			isa = PBXGroup;
			children = (
				F7A7067B2D1BCE34B37D28DF /* Pods-B-umiOS.debug.xcconfig */,
				DE4AD5ABF46F8BFB0EBB47E7 /* Pods-B-umiOS.release.xcconfig */,
			);
			path = Pods;
			sourceTree = "<group>";
		};
		77D3AE4783CCE8C38B5C2ABA /* Frameworks */ = {
			isa = PBXGroup;
			children = (
				35912B5C45814D34BAA702A8 /* Pods_B_umiOS.framework */,
			);
			name = Frameworks;
			sourceTree = "<group>";
		};
		AB5AF755268A2E84001D3CD1 = {
			isa = PBXGroup;
			children = (
				AB5AF760268A2E84001D3CD1 /* B-umiOS */,
				AB5AF75F268A2E84001D3CD1 /* Products */,
				6C81B240BDBA40A25B2A405D /* Pods */,
				77D3AE4783CCE8C38B5C2ABA /* Frameworks */,
			);
			sourceTree = "<group>";
		};
		AB5AF75F268A2E84001D3CD1 /* Products */ = {
			isa = PBXGroup;
			children = (
				AB5AF75E268A2E84001D3CD1 /* B-umiOS.app */,
			);
			name = Products;
			sourceTree = "<group>";
		};
		AB5AF760268A2E84001D3CD1 /* B-umiOS */ = {
			isa = PBXGroup;
			children = (
				AB7F6DE226973DB800EF9C6E /* ThrowTrash */,
				AB9F9DF52690CD8100088502 /* Writing */,
				ABB24E6B268E20CC006FEE57 /* Separate */,
				ABB24E5D268E1A31006FEE57 /* Setting */,
				ABB24E56268E198D006FEE57 /* MyPage */,
				ABB24E4D268E00F3006FEE57 /* TabBar */,
				ABB24E02268CE1A8006FEE57 /* Common */,
				ABB24DEF268CD8DF006FEE57 /* Home */,
				ABB24DEE268CD6D9006FEE57 /* Supporting Files */,
				AB5AF765268A2E84001D3CD1 /* ViewController.swift */,
				AB5AF767268A2E84001D3CD1 /* Main.storyboard */,
				AB5AF76C268A2E87001D3CD1 /* LaunchScreen.storyboard */,
			);
			path = "B-umiOS";
			sourceTree = "<group>";
		};
		AB7F6DDD2696BDB100EF9C6E /* ViewController */ = {
			isa = PBXGroup;
			children = (
				AB7F6DDE2696BDF300EF9C6E /* WritingPopUpViewController.swift */,
			);
			path = ViewController;
			sourceTree = "<group>";
		};
		AB7F6DE226973DB800EF9C6E /* ThrowTrash */ = {
			isa = PBXGroup;
			children = (
				AB7F6DE326973E0500EF9C6E /* ThrowTrashViewController.swift */,
				AB7F6DE626975A0900EF9C6E /* ThrowTrashViewController+Layout.swift */,
			);
			path = ThrowTrash;
			sourceTree = "<group>";
		};
		AB8C3F592693371B00B2BA30 /* Model */ = {
			isa = PBXGroup;
			children = (
				AB9F9DF82691F0D100088502 /* WritingStyle.swift */,
			);
			path = Model;
			sourceTree = "<group>";
		};
		AB9F9DF52690CD8100088502 /* Writing */ = {
			isa = PBXGroup;
			children = (
				AB7F6DDD2696BDB100EF9C6E /* ViewController */,
				AB8C3F592693371B00B2BA30 /* Model */,
				AB9F9DFC2693072900088502 /* Cell */,
				AB9F9DF62690CD9900088502 /* WritingViewController.swift */,
				AB8C3F572693371100B2BA30 /* WritingViewController+Extension.swift */,
				AB8C3F5A26935E8600B2BA30 /* WritingViewController+Layout.swift */,
			);
			path = Writing;
			sourceTree = "<group>";
		};
		AB9F9DFC2693072900088502 /* Cell */ = {
			isa = PBXGroup;
			children = (
				AB8C3F55269331EF00B2BA30 /* WritingTagCollectionViewCell.swift */,
			);
			path = Cell;
			sourceTree = "<group>";
		};
		ABB24DEE268CD6D9006FEE57 /* Supporting Files */ = {
			isa = PBXGroup;
			children = (
				ABB24DF9268CDEF4006FEE57 /* Font */,
				AB5AF76F268A2E87001D3CD1 /* Info.plist */,
				AB5AF761268A2E84001D3CD1 /* AppDelegate.swift */,
				AB5AF763268A2E84001D3CD1 /* SceneDelegate.swift */,
				AB5AF76A268A2E87001D3CD1 /* Assets.xcassets */,
			);
			path = "Supporting Files";
			sourceTree = "<group>";
		};
		ABB24DEF268CD8DF006FEE57 /* Home */ = {
			isa = PBXGroup;
			children = (
				ABB24DF2268CD913006FEE57 /* Cell */,
				ABB24DF1268CD909006FEE57 /* ViewController */,
				ABB24DF0268CD8E6006FEE57 /* Storyboard */,
			);
			path = Home;
			sourceTree = "<group>";
		};
		ABB24DF0268CD8E6006FEE57 /* Storyboard */ = {
			isa = PBXGroup;
			children = (
				ABB24DF7268CD9FF006FEE57 /* Home.storyboard */,
			);
			path = Storyboard;
			sourceTree = "<group>";
		};
		ABB24DF1268CD909006FEE57 /* ViewController */ = {
			isa = PBXGroup;
			children = (
				ABB24DF5268CD9D3006FEE57 /* HomeViewController.swift */,
			);
			path = ViewController;
			sourceTree = "<group>";
		};
		ABB24DF2268CD913006FEE57 /* Cell */ = {
			isa = PBXGroup;
			children = (
				ABB24DF3268CD9B7006FEE57 /* CardCollectionViewCell.swift */,
			);
			path = Cell;
			sourceTree = "<group>";
		};
		ABB24DF9268CDEF4006FEE57 /* Font */ = {
			isa = PBXGroup;
			children = (
				ABB24DFC268CDF64006FEE57 /* NanumSquareOTF_acB.otf */,
				ABB24DFA268CDF64006FEE57 /* NanumSquareOTF_acEB.otf */,
				ABB24DFB268CDF64006FEE57 /* NanumSquareOTF_acL.otf */,
				ABB24DFD268CDF64006FEE57 /* NanumSquareOTF_acR.otf */,
			);
			path = Font;
			sourceTree = "<group>";
		};
		ABB24E02268CE1A8006FEE57 /* Common */ = {
			isa = PBXGroup;
			children = (
				4F34E1042693617A00A54336 /* Model */,
				ABB24E03268CE1D8006FEE57 /* Extension */,
			);
			path = Common;
			sourceTree = "<group>";
		};
		ABB24E03268CE1D8006FEE57 /* Extension */ = {
			isa = PBXGroup;
			children = (
				ABB24E05268CE317006FEE57 /* UIFont+Extension.swift */,
				ABB24E07268CEF0B006FEE57 /* UIColor+Extension.swift */,
				ABB24E09268CF33B006FEE57 /* UIView+Extension.swift */,
				ABB24E0B268CF49C006FEE57 /* UIDevice+Extension.swift */,
				4F34E10226935F7100A54336 /* UIViewController+Extension.swift */,
				AB9F9DF12690997300088502 /* Date+Extension.swift */,
				AB9F9DF326909E2100088502 /* UILabel+Extension.swift */,
				AB8C3F5C2695743E00B2BA30 /* NotificationName+Extension.swift */,
			);
			path = Extension;
			sourceTree = "<group>";
		};
		ABB24E4D268E00F3006FEE57 /* TabBar */ = {
			isa = PBXGroup;
			children = (
				ABB24E52268E1912006FEE57 /* FloatingBarView.swift */,
				ABB24E54268E193B006FEE57 /* FloatingTabBarController.swift */,
			);
			path = TabBar;
			sourceTree = "<group>";
		};
		ABB24E56268E198D006FEE57 /* MyPage */ = {
			isa = PBXGroup;
			children = (
				FC6A7A432692F13100A4ACBE /* Component */,
				FC0541B02690C26600FFA9D1 /* Cell */,
				ABB24E5A268E19AC006FEE57 /* ViewController */,
				ABB24E57268E1994006FEE57 /* Storyboard */,
			);
			path = MyPage;
			sourceTree = "<group>";
		};
		ABB24E57268E1994006FEE57 /* Storyboard */ = {
			isa = PBXGroup;
			children = (
				FCE3608D2694CE3700866525 /* MyWritingPopUp.storyboard */,
				FC8A6F542695C65500E64FA5 /* MyPage.storyboard */,
			);
			path = Storyboard;
			sourceTree = "<group>";
		};
		ABB24E5A268E19AC006FEE57 /* ViewController */ = {
			isa = PBXGroup;
			children = (
				ABB24E5B268E1A18006FEE57 /* MyPageViewController.swift */,
				FC0541B72690C80000FFA9D1 /* MyWritingViewController.swift */,
				FC0541B92690C92A00FFA9D1 /* MyRewardViewController.swift */,
				FC0541BB2690C94700FFA9D1 /* MyTrashBinViewController.swift */,
				FCE3608B2694B25F00866525 /* MyWritingPopUpViewController.swift */,
			);
			path = ViewController;
			sourceTree = "<group>";
		};
		ABB24E5D268E1A31006FEE57 /* Setting */ = {
			isa = PBXGroup;
			children = (
				4F7FD2E926920F1300122964 /* Cell */,
				ABB24E61268E1A62006FEE57 /* ViewController */,
				ABB24E5E268E1A37006FEE57 /* Storyboard */,
			);
			path = Setting;
			sourceTree = "<group>";
		};
		ABB24E5E268E1A37006FEE57 /* Storyboard */ = {
			isa = PBXGroup;
			children = (
				ABB24E5F268E1A57006FEE57 /* Setting.storyboard */,
			);
			path = Storyboard;
			sourceTree = "<group>";
		};
		ABB24E61268E1A62006FEE57 /* ViewController */ = {
			isa = PBXGroup;
			children = (
				ABB24E62268E1A75006FEE57 /* SettingViewController.swift */,
				4F7FD2E72690E5B400122964 /* SettingTrashBinViewController.swift */,
				4F7FD2EE26922F4A00122964 /* TrashBinPopUpViewController.swift */,
				4F7FD2F026929D6300122964 /* PeriodPopUpViewController.swift */,
			);
			path = ViewController;
			sourceTree = "<group>";
		};
		ABB24E6B268E20CC006FEE57 /* Separate */ = {
			isa = PBXGroup;
			children = (
				4F49929A26942AA5009541AA /* Cell */,
				ABB24E6D268E20DD006FEE57 /* ViewController */,
				ABB24E6C268E20D7006FEE57 /* Storyboard */,
			);
			path = Separate;
			sourceTree = "<group>";
		};
		ABB24E6C268E20D7006FEE57 /* Storyboard */ = {
			isa = PBXGroup;
			children = (
				ABB24E6E268E20EB006FEE57 /* Separate.storyboard */,
			);
			path = Storyboard;
			sourceTree = "<group>";
		};
		ABB24E6D268E20DD006FEE57 /* ViewController */ = {
			isa = PBXGroup;
			children = (
				FC6448CF269847CA00C8E30C /* SeparateViewController.swift */,
				FC6448CE269847CA00C8E30C /* SeparateViewController+Extension.swift */,
				4F4992962693F9F2009541AA /* SeparateViewController+Layout.swift */,
				4F4992E02695F65B009541AA /* SeparateDetailViewController.swift */,
				4F4992E42695FCC6009541AA /* SeparateDetailViewController+Extension.swift */,
				4F4992E22695FBE9009541AA /* SeparateDetailViewController+Layout.swift */,
			);
			path = ViewController;
			sourceTree = "<group>";
		};
		FC0541B02690C26600FFA9D1 /* Cell */ = {
			isa = PBXGroup;
			children = (
				FC0541B12690C28200FFA9D1 /* MyPageMenuCollectionViewCell.swift */,
				FC0541B52690C6EF00FFA9D1 /* MenuSectionCollectionViewCell.swift */,
				FC0541BF2691B7AE00FFA9D1 /* MyWritingCollectionViewCell.swift */,
				FC6448CC26983F8A00C8E30C /* MyRewardCollectionViewCell.swift */,
			);
			path = Cell;
			sourceTree = "<group>";
		};
		FC6A7A432692F13100A4ACBE /* Component */ = {
			isa = PBXGroup;
			children = (
				FC6A7A462693198900A4ACBE /* ButtonSectionView.swift */,
				FC69E37626935B81001093F9 /* RoundingButton.swift */,
			);
			path = Component;
			sourceTree = "<group>";
		};
/* End PBXGroup section */

/* Begin PBXNativeTarget section */
		AB5AF75D268A2E84001D3CD1 /* B-umiOS */ = {
			isa = PBXNativeTarget;
			buildConfigurationList = AB5AF772268A2E87001D3CD1 /* Build configuration list for PBXNativeTarget "B-umiOS" */;
			buildPhases = (
				796CD12F3EF5BB5C8DBC14A0 /* [CP] Check Pods Manifest.lock */,
				AB5AF75A268A2E84001D3CD1 /* Sources */,
				AB5AF75B268A2E84001D3CD1 /* Frameworks */,
				AB5AF75C268A2E84001D3CD1 /* Resources */,
				C3D285EE8C00FBB250C673A5 /* [CP] Embed Pods Frameworks */,
			);
			buildRules = (
			);
			dependencies = (
			);
			name = "B-umiOS";
			productName = "B-umiOS";
			productReference = AB5AF75E268A2E84001D3CD1 /* B-umiOS.app */;
			productType = "com.apple.product-type.application";
		};
/* End PBXNativeTarget section */

/* Begin PBXProject section */
		AB5AF756268A2E84001D3CD1 /* Project object */ = {
			isa = PBXProject;
			attributes = {
				LastSwiftUpdateCheck = 1250;
				LastUpgradeCheck = 1250;
				TargetAttributes = {
					AB5AF75D268A2E84001D3CD1 = {
						CreatedOnToolsVersion = 12.5.1;
					};
				};
			};
			buildConfigurationList = AB5AF759268A2E84001D3CD1 /* Build configuration list for PBXProject "B-umiOS" */;
			compatibilityVersion = "Xcode 9.3";
			developmentRegion = en;
			hasScannedForEncodings = 0;
			knownRegions = (
				en,
				Base,
			);
			mainGroup = AB5AF755268A2E84001D3CD1;
			productRefGroup = AB5AF75F268A2E84001D3CD1 /* Products */;
			projectDirPath = "";
			projectRoot = "";
			targets = (
				AB5AF75D268A2E84001D3CD1 /* B-umiOS */,
			);
		};
/* End PBXProject section */

/* Begin PBXResourcesBuildPhase section */
		AB5AF75C268A2E84001D3CD1 /* Resources */ = {
			isa = PBXResourcesBuildPhase;
			buildActionMask = 2147483647;
			files = (
				4F4992E926960B60009541AA /* SeparateDetailTableViewCell.xib in Resources */,
				AB5AF76E268A2E87001D3CD1 /* LaunchScreen.storyboard in Resources */,
				4F49929E26942AD8009541AA /* SeparateCollectionViewCell.xib in Resources */,
				ABB24DFE268CDF64006FEE57 /* NanumSquareOTF_acEB.otf in Resources */,
				FCE3608E2694CE3700866525 /* MyWritingPopUp.storyboard in Resources */,
				AB5AF76B268A2E87001D3CD1 /* Assets.xcassets in Resources */,
				ABB24E01268CDF64006FEE57 /* NanumSquareOTF_acR.otf in Resources */,
				4F7FD2ED26920F3800122964 /* TrashBinTableViewCell.xib in Resources */,
				ABB24DFF268CDF64006FEE57 /* NanumSquareOTF_acL.otf in Resources */,
				ABB24DF8268CD9FF006FEE57 /* Home.storyboard in Resources */,
				ABB24E6F268E20EB006FEE57 /* Separate.storyboard in Resources */,
				FC8A6F552695C65500E64FA5 /* MyPage.storyboard in Resources */,
				ABB24E60268E1A57006FEE57 /* Setting.storyboard in Resources */,
				ABB24E00268CDF64006FEE57 /* NanumSquareOTF_acB.otf in Resources */,
				AB5AF769268A2E84001D3CD1 /* Main.storyboard in Resources */,
			);
			runOnlyForDeploymentPostprocessing = 0;
		};
/* End PBXResourcesBuildPhase section */

/* Begin PBXShellScriptBuildPhase section */
		796CD12F3EF5BB5C8DBC14A0 /* [CP] Check Pods Manifest.lock */ = {
			isa = PBXShellScriptBuildPhase;
			buildActionMask = 2147483647;
			files = (
			);
			inputFileListPaths = (
			);
			inputPaths = (
				"${PODS_PODFILE_DIR_PATH}/Podfile.lock",
				"${PODS_ROOT}/Manifest.lock",
			);
			name = "[CP] Check Pods Manifest.lock";
			outputFileListPaths = (
			);
			outputPaths = (
				"$(DERIVED_FILE_DIR)/Pods-B-umiOS-checkManifestLockResult.txt",
			);
			runOnlyForDeploymentPostprocessing = 0;
			shellPath = /bin/sh;
			shellScript = "diff \"${PODS_PODFILE_DIR_PATH}/Podfile.lock\" \"${PODS_ROOT}/Manifest.lock\" > /dev/null\nif [ $? != 0 ] ; then\n    # print error to STDERR\n    echo \"error: The sandbox is not in sync with the Podfile.lock. Run 'pod install' or update your CocoaPods installation.\" >&2\n    exit 1\nfi\n# This output is used by Xcode 'outputs' to avoid re-running this script phase.\necho \"SUCCESS\" > \"${SCRIPT_OUTPUT_FILE_0}\"\n";
			showEnvVarsInLog = 0;
		};
		C3D285EE8C00FBB250C673A5 /* [CP] Embed Pods Frameworks */ = {
			isa = PBXShellScriptBuildPhase;
			buildActionMask = 2147483647;
			files = (
			);
			inputFileListPaths = (
				"${PODS_ROOT}/Target Support Files/Pods-B-umiOS/Pods-B-umiOS-frameworks-${CONFIGURATION}-input-files.xcfilelist",
			);
			name = "[CP] Embed Pods Frameworks";
			outputFileListPaths = (
				"${PODS_ROOT}/Target Support Files/Pods-B-umiOS/Pods-B-umiOS-frameworks-${CONFIGURATION}-output-files.xcfilelist",
			);
			runOnlyForDeploymentPostprocessing = 0;
			shellPath = /bin/sh;
			shellScript = "\"${PODS_ROOT}/Target Support Files/Pods-B-umiOS/Pods-B-umiOS-frameworks.sh\"\n";
			showEnvVarsInLog = 0;
		};
/* End PBXShellScriptBuildPhase section */

/* Begin PBXSourcesBuildPhase section */
		AB5AF75A268A2E84001D3CD1 /* Sources */ = {
			isa = PBXSourcesBuildPhase;
			buildActionMask = 2147483647;
			files = (
				4F4992E12695F65B009541AA /* SeparateDetailViewController.swift in Sources */,
				ABB24E06268CE317006FEE57 /* UIFont+Extension.swift in Sources */,
				4F7FD2E82690E5B400122964 /* SettingTrashBinViewController.swift in Sources */,
				ABB24E55268E193B006FEE57 /* FloatingTabBarController.swift in Sources */,
				ABB24DF6268CD9D3006FEE57 /* HomeViewController.swift in Sources */,
				4F7FD2EC26920F3800122964 /* TrashBinTableViewCell.swift in Sources */,
				ABB24E63268E1A75006FEE57 /* SettingViewController.swift in Sources */,
				ABB24E0A268CF33B006FEE57 /* UIView+Extension.swift in Sources */,
				AB9F9DF22690997300088502 /* Date+Extension.swift in Sources */,
				ABB24E53268E1912006FEE57 /* FloatingBarView.swift in Sources */,
				FCE3608C2694B25F00866525 /* MyWritingPopUpViewController.swift in Sources */,
				AB7F6DDF2696BDF300EF9C6E /* WritingPopUpViewController.swift in Sources */,
				ABB24DF4268CD9B7006FEE57 /* CardCollectionViewCell.swift in Sources */,
				AB8C3F5B26935E8600B2BA30 /* WritingViewController+Layout.swift in Sources */,
				AB8C3F5D2695743E00B2BA30 /* NotificationName+Extension.swift in Sources */,
				AB7F6DE726975A0900EF9C6E /* ThrowTrashViewController+Layout.swift in Sources */,
				AB9F9DF426909E2100088502 /* UILabel+Extension.swift in Sources */,
				FC6448D0269847CA00C8E30C /* SeparateViewController+Extension.swift in Sources */,
				AB7F6DE426973E0500EF9C6E /* ThrowTrashViewController.swift in Sources */,
				4F7FD2EF26922F4A00122964 /* TrashBinPopUpViewController.swift in Sources */,
				ABB24E53268E1912006FEE57 /* FloatingBarView.swift in Sources */,
				ABB24DF4268CD9B7006FEE57 /* CardCollectionViewCell.swift in Sources */,
				4F4992972693F9F2009541AA /* SeparateViewController+Layout.swift in Sources */,
				FC0541B62690C6EF00FFA9D1 /* MenuSectionCollectionViewCell.swift in Sources */,
				4F34E10326935F7100A54336 /* UIViewController+Extension.swift in Sources */,
				4F4992E826960B60009541AA /* SeparateDetailTableViewCell.swift in Sources */,
				AB9F9DF92691F0D100088502 /* WritingStyle.swift in Sources */,
				ABB24E0C268CF49C006FEE57 /* UIDevice+Extension.swift in Sources */,
				ABB24E5C268E1A18006FEE57 /* MyPageViewController.swift in Sources */,
				AB8C3F56269331EF00B2BA30 /* WritingTagCollectionViewCell.swift in Sources */,
				FC6448D1269847CA00C8E30C /* SeparateViewController.swift in Sources */,
				ABB24E5C268E1A18006FEE57 /* MyPageViewController.swift in Sources */,
				FC69E37726935B81001093F9 /* RoundingButton.swift in Sources */,
				FC6A7A472693198900A4ACBE /* ButtonSectionView.swift in Sources */,
				ABB24E08268CEF0B006FEE57 /* UIColor+Extension.swift in Sources */,
				4F34E1062693618A00A54336 /* TapGesture.swift in Sources */,
				FC0541B82690C80000FFA9D1 /* MyWritingViewController.swift in Sources */,
				AB5AF766268A2E84001D3CD1 /* ViewController.swift in Sources */,
				4F49929D26942AD8009541AA /* SeparateCollectionViewCell.swift in Sources */,
				AB5AF762268A2E84001D3CD1 /* AppDelegate.swift in Sources */,
				4F4992E32695FBE9009541AA /* SeparateDetailViewController+Layout.swift in Sources */,
				AB9F9DF72690CD9900088502 /* WritingViewController.swift in Sources */,
				AB5AF764268A2E84001D3CD1 /* SceneDelegate.swift in Sources */,
				4F4992A2269577FF009541AA /* SizeConstants.swift in Sources */,
				AB8C3F582693371100B2BA30 /* WritingViewController+Extension.swift in Sources */,
				4F4992E52695FCC6009541AA /* SeparateDetailViewController+Extension.swift in Sources */,
				4F7FD2F126929D6300122964 /* PeriodPopUpViewController.swift in Sources */,
				FC0541BA2690C92A00FFA9D1 /* MyRewardViewController.swift in Sources */,
				FC0541BC2690C94700FFA9D1 /* MyTrashBinViewController.swift in Sources */,
				AB5AF764268A2E84001D3CD1 /* SceneDelegate.swift in Sources */,
				FC0541B22690C28200FFA9D1 /* MyPageMenuCollectionViewCell.swift in Sources */,
				FC0541C02691B7AE00FFA9D1 /* MyWritingCollectionViewCell.swift in Sources */,
				FC6448CD26983F8A00C8E30C /* MyRewardCollectionViewCell.swift in Sources */,
			);
			runOnlyForDeploymentPostprocessing = 0;
		};
/* End PBXSourcesBuildPhase section */

/* Begin PBXVariantGroup section */
		AB5AF767268A2E84001D3CD1 /* Main.storyboard */ = {
			isa = PBXVariantGroup;
			children = (
				AB5AF768268A2E84001D3CD1 /* Base */,
			);
			name = Main.storyboard;
			sourceTree = "<group>";
		};
		AB5AF76C268A2E87001D3CD1 /* LaunchScreen.storyboard */ = {
			isa = PBXVariantGroup;
			children = (
				AB5AF76D268A2E87001D3CD1 /* Base */,
			);
			name = LaunchScreen.storyboard;
			sourceTree = "<group>";
		};
/* End PBXVariantGroup section */

/* Begin XCBuildConfiguration section */
		AB5AF770268A2E87001D3CD1 /* Debug */ = {
			isa = XCBuildConfiguration;
			buildSettings = {
				ALWAYS_SEARCH_USER_PATHS = NO;
				CLANG_ANALYZER_NONNULL = YES;
				CLANG_ANALYZER_NUMBER_OBJECT_CONVERSION = YES_AGGRESSIVE;
				CLANG_CXX_LANGUAGE_STANDARD = "gnu++14";
				CLANG_CXX_LIBRARY = "libc++";
				CLANG_ENABLE_MODULES = YES;
				CLANG_ENABLE_OBJC_ARC = YES;
				CLANG_ENABLE_OBJC_WEAK = YES;
				CLANG_WARN_BLOCK_CAPTURE_AUTORELEASING = YES;
				CLANG_WARN_BOOL_CONVERSION = YES;
				CLANG_WARN_COMMA = YES;
				CLANG_WARN_CONSTANT_CONVERSION = YES;
				CLANG_WARN_DEPRECATED_OBJC_IMPLEMENTATIONS = YES;
				CLANG_WARN_DIRECT_OBJC_ISA_USAGE = YES_ERROR;
				CLANG_WARN_DOCUMENTATION_COMMENTS = YES;
				CLANG_WARN_EMPTY_BODY = YES;
				CLANG_WARN_ENUM_CONVERSION = YES;
				CLANG_WARN_INFINITE_RECURSION = YES;
				CLANG_WARN_INT_CONVERSION = YES;
				CLANG_WARN_NON_LITERAL_NULL_CONVERSION = YES;
				CLANG_WARN_OBJC_IMPLICIT_RETAIN_SELF = YES;
				CLANG_WARN_OBJC_LITERAL_CONVERSION = YES;
				CLANG_WARN_OBJC_ROOT_CLASS = YES_ERROR;
				CLANG_WARN_QUOTED_INCLUDE_IN_FRAMEWORK_HEADER = YES;
				CLANG_WARN_RANGE_LOOP_ANALYSIS = YES;
				CLANG_WARN_STRICT_PROTOTYPES = YES;
				CLANG_WARN_SUSPICIOUS_MOVE = YES;
				CLANG_WARN_UNGUARDED_AVAILABILITY = YES_AGGRESSIVE;
				CLANG_WARN_UNREACHABLE_CODE = YES;
				CLANG_WARN__DUPLICATE_METHOD_MATCH = YES;
				COPY_PHASE_STRIP = NO;
				DEBUG_INFORMATION_FORMAT = dwarf;
				ENABLE_STRICT_OBJC_MSGSEND = YES;
				ENABLE_TESTABILITY = YES;
				GCC_C_LANGUAGE_STANDARD = gnu11;
				GCC_DYNAMIC_NO_PIC = NO;
				GCC_NO_COMMON_BLOCKS = YES;
				GCC_OPTIMIZATION_LEVEL = 0;
				GCC_PREPROCESSOR_DEFINITIONS = (
					"DEBUG=1",
					"$(inherited)",
				);
				GCC_WARN_64_TO_32_BIT_CONVERSION = YES;
				GCC_WARN_ABOUT_RETURN_TYPE = YES_ERROR;
				GCC_WARN_UNDECLARED_SELECTOR = YES;
				GCC_WARN_UNINITIALIZED_AUTOS = YES_AGGRESSIVE;
				GCC_WARN_UNUSED_FUNCTION = YES;
				GCC_WARN_UNUSED_VARIABLE = YES;
				IPHONEOS_DEPLOYMENT_TARGET = 14.5;
				MTL_ENABLE_DEBUG_INFO = INCLUDE_SOURCE;
				MTL_FAST_MATH = YES;
				ONLY_ACTIVE_ARCH = YES;
				SDKROOT = iphoneos;
				SWIFT_ACTIVE_COMPILATION_CONDITIONS = DEBUG;
				SWIFT_OPTIMIZATION_LEVEL = "-Onone";
			};
			name = Debug;
		};
		AB5AF771268A2E87001D3CD1 /* Release */ = {
			isa = XCBuildConfiguration;
			buildSettings = {
				ALWAYS_SEARCH_USER_PATHS = NO;
				CLANG_ANALYZER_NONNULL = YES;
				CLANG_ANALYZER_NUMBER_OBJECT_CONVERSION = YES_AGGRESSIVE;
				CLANG_CXX_LANGUAGE_STANDARD = "gnu++14";
				CLANG_CXX_LIBRARY = "libc++";
				CLANG_ENABLE_MODULES = YES;
				CLANG_ENABLE_OBJC_ARC = YES;
				CLANG_ENABLE_OBJC_WEAK = YES;
				CLANG_WARN_BLOCK_CAPTURE_AUTORELEASING = YES;
				CLANG_WARN_BOOL_CONVERSION = YES;
				CLANG_WARN_COMMA = YES;
				CLANG_WARN_CONSTANT_CONVERSION = YES;
				CLANG_WARN_DEPRECATED_OBJC_IMPLEMENTATIONS = YES;
				CLANG_WARN_DIRECT_OBJC_ISA_USAGE = YES_ERROR;
				CLANG_WARN_DOCUMENTATION_COMMENTS = YES;
				CLANG_WARN_EMPTY_BODY = YES;
				CLANG_WARN_ENUM_CONVERSION = YES;
				CLANG_WARN_INFINITE_RECURSION = YES;
				CLANG_WARN_INT_CONVERSION = YES;
				CLANG_WARN_NON_LITERAL_NULL_CONVERSION = YES;
				CLANG_WARN_OBJC_IMPLICIT_RETAIN_SELF = YES;
				CLANG_WARN_OBJC_LITERAL_CONVERSION = YES;
				CLANG_WARN_OBJC_ROOT_CLASS = YES_ERROR;
				CLANG_WARN_QUOTED_INCLUDE_IN_FRAMEWORK_HEADER = YES;
				CLANG_WARN_RANGE_LOOP_ANALYSIS = YES;
				CLANG_WARN_STRICT_PROTOTYPES = YES;
				CLANG_WARN_SUSPICIOUS_MOVE = YES;
				CLANG_WARN_UNGUARDED_AVAILABILITY = YES_AGGRESSIVE;
				CLANG_WARN_UNREACHABLE_CODE = YES;
				CLANG_WARN__DUPLICATE_METHOD_MATCH = YES;
				COPY_PHASE_STRIP = NO;
				DEBUG_INFORMATION_FORMAT = "dwarf-with-dsym";
				ENABLE_NS_ASSERTIONS = NO;
				ENABLE_STRICT_OBJC_MSGSEND = YES;
				GCC_C_LANGUAGE_STANDARD = gnu11;
				GCC_NO_COMMON_BLOCKS = YES;
				GCC_WARN_64_TO_32_BIT_CONVERSION = YES;
				GCC_WARN_ABOUT_RETURN_TYPE = YES_ERROR;
				GCC_WARN_UNDECLARED_SELECTOR = YES;
				GCC_WARN_UNINITIALIZED_AUTOS = YES_AGGRESSIVE;
				GCC_WARN_UNUSED_FUNCTION = YES;
				GCC_WARN_UNUSED_VARIABLE = YES;
				IPHONEOS_DEPLOYMENT_TARGET = 14.5;
				MTL_ENABLE_DEBUG_INFO = NO;
				MTL_FAST_MATH = YES;
				SDKROOT = iphoneos;
				SWIFT_COMPILATION_MODE = wholemodule;
				SWIFT_OPTIMIZATION_LEVEL = "-O";
				VALIDATE_PRODUCT = YES;
			};
			name = Release;
		};
		AB5AF773268A2E87001D3CD1 /* Debug */ = {
			isa = XCBuildConfiguration;
			baseConfigurationReference = F7A7067B2D1BCE34B37D28DF /* Pods-B-umiOS.debug.xcconfig */;
			buildSettings = {
				ASSETCATALOG_COMPILER_APPICON_NAME = AppIcon;
				ASSETCATALOG_COMPILER_GLOBAL_ACCENT_COLOR_NAME = AccentColor;
				CODE_SIGN_STYLE = Automatic;
				DEVELOPMENT_TEAM = L9D5M5DM3Y;
				INFOPLIST_FILE = "B-umiOS/Supporting Files/Info.plist";
				LD_RUNPATH_SEARCH_PATHS = (
					"$(inherited)",
					"@executable_path/Frameworks",
				);
				PRODUCT_BUNDLE_IDENTIFIER = "inaelee.B-umiOS";
				PRODUCT_NAME = "$(TARGET_NAME)";
				SWIFT_VERSION = 5.0;
				TARGETED_DEVICE_FAMILY = "1,2";
			};
			name = Debug;
		};
		AB5AF774268A2E87001D3CD1 /* Release */ = {
			isa = XCBuildConfiguration;
			baseConfigurationReference = DE4AD5ABF46F8BFB0EBB47E7 /* Pods-B-umiOS.release.xcconfig */;
			buildSettings = {
				ASSETCATALOG_COMPILER_APPICON_NAME = AppIcon;
				ASSETCATALOG_COMPILER_GLOBAL_ACCENT_COLOR_NAME = AccentColor;
				CODE_SIGN_STYLE = Automatic;
				DEVELOPMENT_TEAM = 4QG3GC35LA;
				INFOPLIST_FILE = "B-umiOS/Supporting Files/Info.plist";
				LD_RUNPATH_SEARCH_PATHS = (
					"$(inherited)",
					"@executable_path/Frameworks",
				);
				PRODUCT_BUNDLE_IDENTIFIER = "inaelee.B-umiOS";
				PRODUCT_NAME = "$(TARGET_NAME)";
				SWIFT_VERSION = 5.0;
				TARGETED_DEVICE_FAMILY = "1,2";
			};
			name = Release;
		};
/* End XCBuildConfiguration section */

/* Begin XCConfigurationList section */
		AB5AF759268A2E84001D3CD1 /* Build configuration list for PBXProject "B-umiOS" */ = {
			isa = XCConfigurationList;
			buildConfigurations = (
				AB5AF770268A2E87001D3CD1 /* Debug */,
				AB5AF771268A2E87001D3CD1 /* Release */,
			);
			defaultConfigurationIsVisible = 0;
			defaultConfigurationName = Release;
		};
		AB5AF772268A2E87001D3CD1 /* Build configuration list for PBXNativeTarget "B-umiOS" */ = {
			isa = XCConfigurationList;
			buildConfigurations = (
				AB5AF773268A2E87001D3CD1 /* Debug */,
				AB5AF774268A2E87001D3CD1 /* Release */,
			);
			defaultConfigurationIsVisible = 0;
			defaultConfigurationName = Release;
		};
/* End XCConfigurationList section */
	};
	rootObject = AB5AF756268A2E84001D3CD1 /* Project object */;
}
