PODS:
  - Alamofire (5.4.3)
  - MultiProgressView (1.3.0)
  - SnapKit (5.0.1)
  - Then (2.7.0)

DEPENDENCIES:
  - Alamofire (~> 5.4)
  - MultiProgressView
  - SnapKit (~> 5.0.0)
  - Then

SPEC REPOS:
  trunk:
    - Alamofire
    - MultiProgressView
    - SnapKit
    - Then

SPEC CHECKSUMS:
  Alamofire: e447a2774a40c996748296fa2c55112fdbbc42f9
  MultiProgressView: 65e5bb8181687099ade56d16d85d245a92fafa96
  SnapKit: 97b92857e3df3a0c71833cce143274bf6ef8e5eb
  Then: acfe0be7e98221c6204e12f8161459606d5d822d

PODFILE CHECKSUM: ea619b59e69a366de86fa4ac370b4e8060c0a576

COCOAPODS: 1.10.1
